
Microsoft Visual Studio Solution File, Format Version 12.00
# Visual Studio Version 17
VisualStudioVersion = 17.13.35818.85 d17.13
MinimumVisualStudioVersion = 10.0.40219.1
Project("{FAE04EC0-301F-11D3-BF4B-00C04F79EFBC}") = "MenuService", "MenuService.csproj", "{71CAAF2F-9A09-48B2-8230-C318842A396C}"
EndProject
Global
	GlobalSection(SolutionConfigurationPlatforms) = preSolution
		Debug|Any CPU = Debug|Any CPU
		Release|Any CPU = Release|Any CPU
	EndGlobalSection
	GlobalSection(ProjectConfigurationPlatforms) = postSolution
		{71CAAF2F-9A09-48B2-8230-C318842A396C}.Debug|Any CPU.ActiveCfg = Debug|Any CPU
		{71CAAF2F-9A09-48B2-8230-C318842A396C}.Debug|Any CPU.Build.0 = Debug|Any CPU
		{71CAAF2F-9A09-48B2-8230-C318842A396C}.Release|Any CPU.ActiveCfg = Release|Any CPU
		{71CAAF2F-9A09-48B2-8230-C318842A396C}.Release|Any CPU.Build.0 = Release|Any CPU
	EndGlobalSection
	GlobalSection(SolutionProperties) = preSolution
		HideSolutionNode = FALSE
	EndGlobalSection
	GlobalSection(ExtensibilityGlobals) = postSolution
		SolutionGuid = {D9795ED6-C6C1-4CDF-A881-7C4AAD98F66A}
	EndGlobalSection
EndGlobal
